Microsoft Visual Studio Solution File, Format Version 11.00
# Visual Studio 2008

Project("{7D5B97FB-8C8A-F804-FE0C-42E5D78CCAE1}") = "Tekrum", "Assembly-CSharp.csproj", "{CEBD97DE-E1DE-7E0C-2F18-8413F8B22EB9}"
EndProject
Global
	GlobalSection(SolutionConfigurationPlatforms) = preSolution
		Debug|Any CPU = Debug|Any CPU
		Release|Any CPU = Release|Any CPU
	EndGlobalSection
	GlobalSection(ProjectConfigurationPlatforms) = postSolution
		{CEBD97DE-E1DE-7E0C-2F18-8413F8B22EB9}.Debug|Any CPU.ActiveCfg = Debug|Any CPU
		{CEBD97DE-E1DE-7E0C-2F18-8413F8B22EB9}.Debug|Any CPU.Build.0 = Debug|Any CPU
		{CEBD97DE-E1DE-7E0C-2F18-8413F8B22EB9}.Release|Any CPU.ActiveCfg = Release|Any CPU
		{CEBD97DE-E1DE-7E0C-2F18-8413F8B22EB9}.Release|Any CPU.Build.0 = Release|Any CPU
	EndGlobalSection
	GlobalSection(SolutionProperties) = preSolution
		HideSolutionNode = FALSE
	EndGlobalSection
	GlobalSection(MonoDevelopProperties) = preSolution
		StartupItem = Assembly-CSharp.csproj
	EndGlobalSection
EndGlobal
